
Microsoft Visual Studio Solution File, Format Version 12.00
# Visual Studio Version 16
VisualStudioVersion = 16.0.30413.136
MinimumVisualStudioVersion = 10.0.40219.1
Project("{FAE04EC0-301F-11D3-BF4B-00C04F79EFBC}") = "TutteeFrame", "TutteeFrame\TutteeFrame.csproj", "{84285458-5B88-4939-B3AA-576811F0647A}"
EndProject
Global
	GlobalSection(SolutionConfigurationPlatforms) = preSolution
		Debug|Any CPU = Debug|Any CPU
		Release|Any CPU = Release|Any CPU
	EndGlobalSection
	GlobalSection(ProjectConfigurationPlatforms) = postSolution
		{84285458-5B88-4939-B3AA-576811F0647A}.Debug|Any CPU.ActiveCfg = Debug|Any CPU
		{84285458-5B88-4939-B3AA-576811F0647A}.Debug|Any CPU.Build.0 = Debug|Any CPU
		{84285458-5B88-4939-B3AA-576811F0647A}.Release|Any CPU.ActiveCfg = Release|Any CPU
		{84285458-5B88-4939-B3AA-576811F0647A}.Release|Any CPU.Build.0 = Release|Any CPU
	EndGlobalSection
	GlobalSection(SolutionProperties) = preSolution
		HideSolutionNode = FALSE
	EndGlobalSection
	GlobalSection(ExtensibilityGlobals) = postSolution
		SolutionGuid = {1B0A0BF4-A880-49CF-A7C2-5A309A7C3FA6}
	EndGlobalSection
EndGlobal
